PODS:
  - ASN1Decoder (1.3.3)
  - BigInt (5.0.0)
  - BluetoothKit (0.4.0)
  - boost-for-react-native (1.63.0)
  - CertKit (0.0.1)
  - CocoaAsyncSocket (7.6.4)
  - CocoaLibEvent (1.0.0)
  - CommonKit (0.0.1)
  - Credstore (0.0.1):
    - ASN1Decoder
    - BigInt
    - BluetoothKit
    - CommonKit
    - CryptoSwift
    - KeychainSwift
    - PotentCBOR
    - PotentCodables
    - RealmSwift
    - Shield
    - SwiftCBOR
    - SwiftyBeaver
  - CryptoSwift (1.3.1)
  - DeepLinkKit (1.5.1)
  - DoubleConversion (1.1.6)
  - FaceCropper (1.0.0)
  - FaceVerifier (0.0.1):
    - FaceCropper
  - FBLazyVector (0.62.0)
  - FBReactNativeSpec (0.62.0):
    - Folly (= 2018.10.22.00)
    - RCTRequired (= 0.62.0)
    - RCTTypeSafety (= 0.62.0)
    - React-Core (= 0.62.0)
    - React-jsi (= 0.62.0)
    - ReactCommon/turbomodule/core (= 0.62.0)
  - FlagKit (2.2)
  - Flipper (0.33.1):
    - Flipper-Folly (~> 2.1)
    - Flipper-RSocket (~> 1.0)
  - Flipper-DoubleConversion (1.1.7)
  - Flipper-Folly (2.2.0):
    - boost-for-react-native
    - CocoaLibEvent (~> 1.0)
    - Flipper-DoubleConversion
    - Flipper-Glog
    - OpenSSL-Universal (= 1.0.2.19)
  - Flipper-Glog (0.3.6)
  - Flipper-PeerTalk (0.0.4)
  - Flipper-RSocket (1.1.0):
    - Flipper-Folly (~> 2.2)
  - FlipperKit (0.33.1):
    - FlipperKit/Core (= 0.33.1)
  - FlipperKit/Core (0.33.1):
    - Flipper (~> 0.33.1)
    - FlipperKit/CppBridge
    - FlipperKit/FBCxxFollyDynamicConvert
    - FlipperKit/FBDefines
    - FlipperKit/FKPortForwarding
  - FlipperKit/CppBridge (0.33.1):
    - Flipper (~> 0.33.1)
  - FlipperKit/FBCxxFollyDynamicConvert (0.33.1):
    - Flipper-Folly (~> 2.1)
  - FlipperKit/FBDefines (0.33.1)
  - FlipperKit/FKPortForwarding (0.33.1):
    - CocoaAsyncSocket (~> 7.6)
    - Flipper-PeerTalk (~> 0.0.4)
  - FlipperKit/FlipperKitHighlightOverlay (0.33.1)
  - FlipperKit/FlipperKitLayoutPlugin (0.33.1):
    - FlipperKit/Core
    - FlipperKit/FlipperKitHighlightOverlay
    - FlipperKit/FlipperKitLayoutTextSearchable
    - YogaKit (~> 1.18)
  - FlipperKit/FlipperKitLayoutTextSearchable (0.33.1)
  - FlipperKit/FlipperKitNetworkPlugin (0.33.1):
    - FlipperKit/Core
  - FlipperKit/FlipperKitReactPlugin (0.33.1):
    - FlipperKit/Core
  - FlipperKit/FlipperKitUserDefaultsPlugin (0.33.1):
    - FlipperKit/Core
  - FlipperKit/SKIOSNetworkPlugin (0.33.1):
    - FlipperKit/Core
    - FlipperKit/FlipperKitNetworkPlugin
  - Folly (2018.10.22.00):
    - boost-for-react-native
    - DoubleConversion
    - Folly/Default (= 2018.10.22.00)
    - glog
  - Folly/Default (2018.10.22.00):
    - boost-for-react-native
    - DoubleConversion
    - glog
  - glog (0.3.5)
  - KeychainSwift (19.0.0)
  - NFCPassportReader (1.0.11):
    - OpenSSL-Universal/Framework
  - OpenSSL-Universal (1.0.2.19):
    - OpenSSL-Universal/Static (= 1.0.2.19)
  - OpenSSL-Universal/Framework (1.0.2.20)
  - OpenSSL-Universal/Static (1.0.2.19)
  - OrderedDictionary (0.0.1)
  - PotentASN1 (0.0.1):
    - BigInt
    - OrderedDictionary
    - PotentCodables
  - PotentCBOR (0.0.1):
    - PotentCodables
  - PotentCodables (0.0.1)
  - PotentJSON (0.0.1):
    - PotentCodables
  - PromiseKit (6.13.1):
    - PromiseKit/CorePromise (= 6.13.1)
    - PromiseKit/Foundation (= 6.13.1)
    - PromiseKit/UIKit (= 6.13.1)
  - PromiseKit/CorePromise (6.13.1)
  - PromiseKit/Foundation (6.13.1):
    - PromiseKit/CorePromise
  - PromiseKit/UIKit (6.13.1):
    - PromiseKit/CorePromise
  - QKMRZParser (1.0.1)
  - RCTRequired (0.62.0)
  - RCTTypeSafety (0.62.0):
    - FBLazyVector (= 0.62.0)
    - Folly (= 2018.10.22.00)
    - RCTRequired (= 0.62.0)
    - React-Core (= 0.62.0)
  - React (0.62.0):
    - React-Core (= 0.62.0)
    - React-Core/DevSupport (= 0.62.0)
    - React-Core/RCTWebSocket (= 0.62.0)
    - React-RCTActionSheet (= 0.62.0)
    - React-RCTAnimation (= 0.62.0)
    - React-RCTBlob (= 0.62.0)
    - React-RCTImage (= 0.62.0)
    - React-RCTLinking (= 0.62.0)
    - React-RCTNetwork (= 0.62.0)
    - React-RCTSettings (= 0.62.0)
    - React-RCTText (= 0.62.0)
    - React-RCTVibration (= 0.62.0)
  - React-Core (0.62.0):
    - Folly (= 2018.10.22.00)
    - glog
    - React-Core/Default (= 0.62.0)
    - React-cxxreact (= 0.62.0)
    - React-jsi (= 0.62.0)
    - React-jsiexecutor (= 0.62.0)
    - Yoga
  - React-Core/CoreModulesHeaders (0.62.0):
    - Folly (= 2018.10.22.00)
    - glog
    - React-Core/Default
    - React-cxxreact (= 0.62.0)
    - React-jsi (= 0.62.0)
    - React-jsiexecutor (= 0.62.0)
    - Yoga
  - React-Core/Default (0.62.0):
    - Folly (= 2018.10.22.00)
    - glog
    - React-cxxreact (= 0.62.0)
    - React-jsi (= 0.62.0)
    - React-jsiexecutor (= 0.62.0)
    - Yoga
  - React-Core/DevSupport (0.62.0):
    - Folly (= 2018.10.22.00)
    - glog
    - React-Core/Default (= 0.62.0)
    - React-Core/RCTWebSocket (= 0.62.0)
    - React-cxxreact (= 0.62.0)
    - React-jsi (= 0.62.0)
    - React-jsiexecutor (= 0.62.0)
    - React-jsinspector (= 0.62.0)
    - Yoga
  - React-Core/RCTActionSheetHeaders (0.62.0):
    - Folly (= 2018.10.22.00)
    - glog
    - React-Core/Default
    - React-cxxreact (= 0.62.0)
    - React-jsi (= 0.62.0)
    - React-jsiexecutor (= 0.62.0)
    - Yoga
  - React-Core/RCTAnimationHeaders (0.62.0):
    - Folly (= 2018.10.22.00)
    - glog
    - React-Core/Default
    - React-cxxreact (= 0.62.0)
    - React-jsi (= 0.62.0)
    - React-jsiexecutor (= 0.62.0)
    - Yoga
  - React-Core/RCTBlobHeaders (0.62.0):
    - Folly (= 2018.10.22.00)
    - glog
    - React-Core/Default
    - React-cxxreact (= 0.62.0)
    - React-jsi (= 0.62.0)
    - React-jsiexecutor (= 0.62.0)
    - Yoga
  - React-Core/RCTImageHeaders (0.62.0):
    - Folly (= 2018.10.22.00)
    - glog
    - React-Core/Default
    - React-cxxreact (= 0.62.0)
    - React-jsi (= 0.62.0)
    - React-jsiexecutor (= 0.62.0)
    - Yoga
  - React-Core/RCTLinkingHeaders (0.62.0):
    - Folly (= 2018.10.22.00)
    - glog
    - React-Core/Default
    - React-cxxreact (= 0.62.0)
    - React-jsi (= 0.62.0)
    - React-jsiexecutor (= 0.62.0)
    - Yoga
  - React-Core/RCTNetworkHeaders (0.62.0):
    - Folly (= 2018.10.22.00)
    - glog
    - React-Core/Default
    - React-cxxreact (= 0.62.0)
    - React-jsi (= 0.62.0)
    - React-jsiexecutor (= 0.62.0)
    - Yoga
  - React-Core/RCTSettingsHeaders (0.62.0):
    - Folly (= 2018.10.22.00)
    - glog
    - React-Core/Default
    - React-cxxreact (= 0.62.0)
    - React-jsi (= 0.62.0)
    - React-jsiexecutor (= 0.62.0)
    - Yoga
  - React-Core/RCTTextHeaders (0.62.0):
    - Folly (= 2018.10.22.00)
    - glog
    - React-Core/Default
    - React-cxxreact (= 0.62.0)
    - React-jsi (= 0.62.0)
    - React-jsiexecutor (= 0.62.0)
    - Yoga
  - React-Core/RCTVibrationHeaders (0.62.0):
    - Folly (= 2018.10.22.00)
    - glog
    - React-Core/Default
    - React-cxxreact (= 0.62.0)
    - React-jsi (= 0.62.0)
    - React-jsiexecutor (= 0.62.0)
    - Yoga
  - React-Core/RCTWebSocket (0.62.0):
    - Folly (= 2018.10.22.00)
    - glog
    - React-Core/Default (= 0.62.0)
    - React-cxxreact (= 0.62.0)
    - React-jsi (= 0.62.0)
    - React-jsiexecutor (= 0.62.0)
    - Yoga
  - React-CoreModules (0.62.0):
    - FBReactNativeSpec (= 0.62.0)
    - Folly (= 2018.10.22.00)
    - RCTTypeSafety (= 0.62.0)
    - React-Core/CoreModulesHeaders (= 0.62.0)
    - React-RCTImage (= 0.62.0)
    - ReactCommon/turbomodule/core (= 0.62.0)
  - React-cxxreact (0.62.0):
    - boost-for-react-native (= 1.63.0)
    - DoubleConversion
    - Folly (= 2018.10.22.00)
    - glog
    - React-jsinspector (= 0.62.0)
  - React-jsi (0.62.0):
    - boost-for-react-native (= 1.63.0)
    - DoubleConversion
    - Folly (= 2018.10.22.00)
    - glog
    - React-jsi/Default (= 0.62.0)
  - React-jsi/Default (0.62.0):
    - boost-for-react-native (= 1.63.0)
    - DoubleConversion
    - Folly (= 2018.10.22.00)
    - glog
  - React-jsiexecutor (0.62.0):
    - DoubleConversion
    - Folly (= 2018.10.22.00)
    - glog
    - React-cxxreact (= 0.62.0)
    - React-jsi (= 0.62.0)
  - React-jsinspector (0.62.0)
  - react-native-svipe-auth (0.1.0):
    - React
    - SvipeKit
  - React-RCTActionSheet (0.62.0):
    - React-Core/RCTActionSheetHeaders (= 0.62.0)
  - React-RCTAnimation (0.62.0):
    - FBReactNativeSpec (= 0.62.0)
    - Folly (= 2018.10.22.00)
    - RCTTypeSafety (= 0.62.0)
    - React-Core/RCTAnimationHeaders (= 0.62.0)
    - ReactCommon/turbomodule/core (= 0.62.0)
  - React-RCTBlob (0.62.0):
    - FBReactNativeSpec (= 0.62.0)
    - Folly (= 2018.10.22.00)
    - React-Core/RCTBlobHeaders (= 0.62.0)
    - React-Core/RCTWebSocket (= 0.62.0)
    - React-jsi (= 0.62.0)
    - React-RCTNetwork (= 0.62.0)
    - ReactCommon/turbomodule/core (= 0.62.0)
  - React-RCTImage (0.62.0):
    - FBReactNativeSpec (= 0.62.0)
    - Folly (= 2018.10.22.00)
    - RCTTypeSafety (= 0.62.0)
    - React-Core/RCTImageHeaders (= 0.62.0)
    - React-RCTNetwork (= 0.62.0)
    - ReactCommon/turbomodule/core (= 0.62.0)
  - React-RCTLinking (0.62.0):
    - FBReactNativeSpec (= 0.62.0)
    - React-Core/RCTLinkingHeaders (= 0.62.0)
    - ReactCommon/turbomodule/core (= 0.62.0)
  - React-RCTNetwork (0.62.0):
    - FBReactNativeSpec (= 0.62.0)
    - Folly (= 2018.10.22.00)
    - RCTTypeSafety (= 0.62.0)
    - React-Core/RCTNetworkHeaders (= 0.62.0)
    - ReactCommon/turbomodule/core (= 0.62.0)
  - React-RCTSettings (0.62.0):
    - FBReactNativeSpec (= 0.62.0)
    - Folly (= 2018.10.22.00)
    - RCTTypeSafety (= 0.62.0)
    - React-Core/RCTSettingsHeaders (= 0.62.0)
    - ReactCommon/turbomodule/core (= 0.62.0)
  - React-RCTText (0.62.0):
    - React-Core/RCTTextHeaders (= 0.62.0)
  - React-RCTVibration (0.62.0):
    - FBReactNativeSpec (= 0.62.0)
    - Folly (= 2018.10.22.00)
    - React-Core/RCTVibrationHeaders (= 0.62.0)
    - ReactCommon/turbomodule/core (= 0.62.0)
  - ReactCommon/callinvoker (0.62.0):
    - DoubleConversion
    - Folly (= 2018.10.22.00)
    - glog
    - React-cxxreact (= 0.62.0)
  - ReactCommon/turbomodule/core (0.62.0):
    - DoubleConversion
    - Folly (= 2018.10.22.00)
    - glog
    - React-Core (= 0.62.0)
    - React-cxxreact (= 0.62.0)
    - React-jsi (= 0.62.0)
    - ReactCommon/callinvoker (= 0.62.0)
  - Realm (5.0.0):
    - Realm/Headers (= 5.0.0)
  - Realm/Headers (5.0.0)
  - RealmSwift (5.0.0):
    - Realm (= 5.0.0)
  - Shield (0.0.1):
    - PotentCodables
    - ShieldCrypto
    - ShieldPKCS
    - ShieldSecurity
    - ShieldX500
    - ShieldX509
  - ShieldCrypto (0.0.1)
  - ShieldOID (0.0.1):
    - PotentASN1
  - ShieldPKCS (0.0.1):
    - PotentASN1
  - ShieldSecurity (0.0.1):
    - PotentASN1
    - ShieldCrypto
    - ShieldOID
    - ShieldPKCS
    - ShieldX500
    - ShieldX509
    - STRegex
  - ShieldX500 (0.0.1):
    - PotentASN1
    - PotentCodables
    - ShieldOID
  - ShieldX509 (0.0.1):
    - PotentASN1
    - ShieldCrypto
    - ShieldPKCS
    - ShieldX500
  - STRegex (2.1.1)
  - SvipeKit (0.0.1):
    - CommonKit
    - Credstore
    - DeepLinkKit
    - FaceVerifier
    - FlagKit
    - NFCPassportReader
    - PotentCBOR
    - PotentCodables
    - PromiseKit
    - QKMRZParser
    - SwiftyTesseract
  - SwiftCBOR (0.4.3)
  - SwiftQRScanner (1.0.9)
  - SwiftyBeaver (1.9.1)
  - SwiftyTesseract (2.2.2)
  - Yoga (1.14.0)
  - YogaKit (1.18.1):
    - Yoga (~> 1.14)

DEPENDENCIES:
  - BluetoothKit (from `../../../BluetoothKit`)
  - CertKit (from `../../../CertKit`)
  - CommonKit (from `../../../CommonKit`)
  - Credstore (from `../../../Credstore`)
  - DeepLinkKit
  - DoubleConversion (from `../node_modules/react-native/third-party-podspecs/DoubleConversion.podspec`)
  - FaceVerifier (from `../../../FaceVerifier`)
  - FBLazyVector (from `../node_modules/react-native/Libraries/FBLazyVector`)
  - FBReactNativeSpec (from `../node_modules/react-native/Libraries/FBReactNativeSpec`)
  - FlipperKit (~> 0.33.1)
  - FlipperKit/FlipperKitLayoutPlugin (~> 0.33.1)
  - FlipperKit/FlipperKitReactPlugin (~> 0.33.1)
  - FlipperKit/FlipperKitUserDefaultsPlugin (~> 0.33.1)
  - FlipperKit/SKIOSNetworkPlugin (~> 0.33.1)
  - Folly (from `../node_modules/react-native/third-party-podspecs/Folly.podspec`)
  - glog (from `../node_modules/react-native/third-party-podspecs/glog.podspec`)
  - NFCPassportReader (from `../../../NFCPassportReader`)
  - OrderedDictionary (from `../../../Credstore/OrderedDictionary`)
  - PotentASN1 (from `../../../Credstore/PotentCodables/`)
  - PotentCBOR (from `../../../Credstore/PotentCodables/`)
  - PotentCodables (from `../../../Credstore/PotentCodables/`)
  - PotentJSON (from `../../../Credstore/PotentCodables/`)
  - RCTRequired (from `../node_modules/react-native/Libraries/RCTRequired`)
  - RCTTypeSafety (from `../node_modules/react-native/Libraries/TypeSafety`)
  - React (from `../node_modules/react-native/`)
  - React-Core (from `../node_modules/react-native/`)
  - React-Core/DevSupport (from `../node_modules/react-native/`)
  - React-Core/RCTWebSocket (from `../node_modules/react-native/`)
  - React-CoreModules (from `../node_modules/react-native/React/CoreModules`)
  - React-cxxreact (from `../node_modules/react-native/ReactCommon/cxxreact`)
  - React-jsi (from `../node_modules/react-native/ReactCommon/jsi`)
  - React-jsiexecutor (from `../node_modules/react-native/ReactCommon/jsiexecutor`)
  - React-jsinspector (from `../node_modules/react-native/ReactCommon/jsinspector`)
  - react-native-svipe-auth (from `../..`)
  - React-RCTActionSheet (from `../node_modules/react-native/Libraries/ActionSheetIOS`)
  - React-RCTAnimation (from `../node_modules/react-native/Libraries/NativeAnimation`)
  - React-RCTBlob (from `../node_modules/react-native/Libraries/Blob`)
  - React-RCTImage (from `../node_modules/react-native/Libraries/Image`)
  - React-RCTLinking (from `../node_modules/react-native/Libraries/LinkingIOS`)
  - React-RCTNetwork (from `../node_modules/react-native/Libraries/Network`)
  - React-RCTSettings (from `../node_modules/react-native/Libraries/Settings`)
  - React-RCTText (from `../node_modules/react-native/Libraries/Text`)
  - React-RCTVibration (from `../node_modules/react-native/Libraries/Vibration`)
  - ReactCommon/callinvoker (from `../node_modules/react-native/ReactCommon`)
  - ReactCommon/turbomodule/core (from `../node_modules/react-native/ReactCommon`)
  - Realm
  - Shield (from `../../../Credstore/Shield`)
  - ShieldCrypto (from `../../../Credstore/Shield`)
  - ShieldOID (from `../../../Credstore/Shield`)
  - ShieldPKCS (from `../../../Credstore/Shield`)
  - ShieldSecurity (from `../../../Credstore/Shield`)
  - ShieldX500 (from `../../../Credstore/Shield`)
  - ShieldX509 (from `../../../Credstore/Shield`)
  - SvipeKit (from `../../..`)
  - SwiftQRScanner (from `https://github.com/vinodiOS/SwiftQRScanner`)
  - SwiftyTesseract (from `https://github.com/svipe/SwiftyTesseract.git`, branch `master`)
  - Yoga (from `../node_modules/react-native/ReactCommon/yoga`)

SPEC REPOS:
  trunk:
    - ASN1Decoder
    - BigInt
    - boost-for-react-native
    - CocoaAsyncSocket
    - CocoaLibEvent
    - CryptoSwift
    - DeepLinkKit
    - FaceCropper
    - FlagKit
    - Flipper
    - Flipper-DoubleConversion
    - Flipper-Folly
    - Flipper-Glog
    - Flipper-PeerTalk
    - Flipper-RSocket
    - FlipperKit
    - KeychainSwift
    - OpenSSL-Universal
    - PromiseKit
    - QKMRZParser
    - Realm
    - RealmSwift
    - STRegex
    - SwiftCBOR
    - SwiftyBeaver
    - YogaKit

EXTERNAL SOURCES:
  BluetoothKit:
    :path: "../../../BluetoothKit"
  CertKit:
    :path: "../../../CertKit"
  CommonKit:
    :path: "../../../CommonKit"
  Credstore:
    :path: "../../../Credstore"
  DoubleConversion:
    :podspec: "../node_modules/react-native/third-party-podspecs/DoubleConversion.podspec"
  FaceVerifier:
    :path: "../../../FaceVerifier"
  FBLazyVector:
    :path: "../node_modules/react-native/Libraries/FBLazyVector"
  FBReactNativeSpec:
    :path: "../node_modules/react-native/Libraries/FBReactNativeSpec"
  Folly:
    :podspec: "../node_modules/react-native/third-party-podspecs/Folly.podspec"
  glog:
    :podspec: "../node_modules/react-native/third-party-podspecs/glog.podspec"
  NFCPassportReader:
    :path: "../../../NFCPassportReader"
  OrderedDictionary:
    :path: "../../../Credstore/OrderedDictionary"
  PotentASN1:
    :path: "../../../Credstore/PotentCodables/"
  PotentCBOR:
    :path: "../../../Credstore/PotentCodables/"
  PotentCodables:
    :path: "../../../Credstore/PotentCodables/"
  PotentJSON:
    :path: "../../../Credstore/PotentCodables/"
  RCTRequired:
    :path: "../node_modules/react-native/Libraries/RCTRequired"
  RCTTypeSafety:
    :path: "../node_modules/react-native/Libraries/TypeSafety"
  React:
    :path: "../node_modules/react-native/"
  React-Core:
    :path: "../node_modules/react-native/"
  React-CoreModules:
    :path: "../node_modules/react-native/React/CoreModules"
  React-cxxreact:
    :path: "../node_modules/react-native/ReactCommon/cxxreact"
  React-jsi:
    :path: "../node_modules/react-native/ReactCommon/jsi"
  React-jsiexecutor:
    :path: "../node_modules/react-native/ReactCommon/jsiexecutor"
  React-jsinspector:
    :path: "../node_modules/react-native/ReactCommon/jsinspector"
  react-native-svipe-auth:
    :path: "../.."
  React-RCTActionSheet:
    :path: "../node_modules/react-native/Libraries/ActionSheetIOS"
  React-RCTAnimation:
    :path: "../node_modules/react-native/Libraries/NativeAnimation"
  React-RCTBlob:
    :path: "../node_modules/react-native/Libraries/Blob"
  React-RCTImage:
    :path: "../node_modules/react-native/Libraries/Image"
  React-RCTLinking:
    :path: "../node_modules/react-native/Libraries/LinkingIOS"
  React-RCTNetwork:
    :path: "../node_modules/react-native/Libraries/Network"
  React-RCTSettings:
    :path: "../node_modules/react-native/Libraries/Settings"
  React-RCTText:
    :path: "../node_modules/react-native/Libraries/Text"
  React-RCTVibration:
    :path: "../node_modules/react-native/Libraries/Vibration"
  ReactCommon:
    :path: "../node_modules/react-native/ReactCommon"
  Shield:
    :path: "../../../Credstore/Shield"
  ShieldCrypto:
    :path: "../../../Credstore/Shield"
  ShieldOID:
    :path: "../../../Credstore/Shield"
  ShieldPKCS:
    :path: "../../../Credstore/Shield"
  ShieldSecurity:
    :path: "../../../Credstore/Shield"
  ShieldX500:
    :path: "../../../Credstore/Shield"
  ShieldX509:
    :path: "../../../Credstore/Shield"
  SvipeKit:
    :path: "../../.."
  SwiftQRScanner:
    :git: https://github.com/vinodiOS/SwiftQRScanner
  SwiftyTesseract:
    :branch: :master
    :git: https://github.com/svipe/SwiftyTesseract.git
  Yoga:
    :path: "../node_modules/react-native/ReactCommon/yoga"

CHECKOUT OPTIONS:
  SwiftQRScanner:
    :commit: 9aca78143307b4980a210caacf576dae667754f8
    :git: https://github.com/vinodiOS/SwiftQRScanner
  SwiftyTesseract:
    :commit: f619483eae4e57a53f710989389bf6ab93d9e19f
    :git: https://github.com/svipe/SwiftyTesseract.git

SPEC CHECKSUMS:
  ASN1Decoder: c85bbe9d75370dab47503c13c4de213adf3a1442
  BigInt: 74b4d88367b0e819d9f77393549226d36faeb0d8
  BluetoothKit: 9d2359d9f5156afc2787a6c0baaa06a8f9b87dc2
  boost-for-react-native: 39c7adb57c4e60d6c5479dd8623128eb5b3f0f2c
  CertKit: 3a6e6ebd550fd9baa48d7bc5ae960a6ebddb7e62
  CocoaAsyncSocket: 694058e7c0ed05a9e217d1b3c7ded962f4180845
  CocoaLibEvent: 2fab71b8bd46dd33ddb959f7928ec5909f838e3f
  CommonKit: 3fae8459e2107ad9086fac36b3786be6a963376b
  Credstore: a0dbae9e648a24d675885eb5536b1baef092e65a
  CryptoSwift: f12f037f6d0fcd6d48c96db0071b653de64e6c4d
  DeepLinkKit: 9f300348cbb20ef8389a5018a57d8c9952b1831c
  DoubleConversion: 5805e889d232975c086db112ece9ed034df7a0b2
  FaceCropper: 5037221c279db6ae3cea68e76ac4165c85c7c291
  FaceVerifier: 2a3312219fe37af33992271f6d16cb1df6440996
  FBLazyVector: 545eccf4f6ef2de8fd450fd8a1edb3f913c7371a
  FBReactNativeSpec: 85c7f8347f4a6e911742228e89e245187afa298e
  FlagKit: eca7dc89064b0c986302ba9acefad1bf80a435b1
  Flipper: 6c1f484f9a88d30ab3e272800d53688439e50f69
  Flipper-DoubleConversion: 38631e41ef4f9b12861c67d17cb5518d06badc41
  Flipper-Folly: c12092ea368353b58e992843a990a3225d4533c3
  Flipper-Glog: 1dfd6abf1e922806c52ceb8701a3599a79a200a6
  Flipper-PeerTalk: 116d8f857dc6ef55c7a5a75ea3ceaafe878aadc9
  Flipper-RSocket: 64e7431a55835eb953b0bf984ef3b90ae9fdddd7
  FlipperKit: 6dc9b8f4ef60d9e5ded7f0264db299c91f18832e
  Folly: 30e7936e1c45c08d884aa59369ed951a8e68cf51
  glog: 1f3da668190260b06b429bb211bfbee5cd790c28
  KeychainSwift: a06190cf933ad46b1e0abc3d77d29c06331715c7
  NFCPassportReader: 0d19bdae569a883cb9e2a309789ee9e1918ae53d
  OpenSSL-Universal: 8b48cc0d10c1b2923617dfe5c178aa9ed2689355
  OrderedDictionary: f6ef8e9fc2ab60b74a508a78dfc49021ae0d379e
  PotentASN1: d6c1a0d1dabe6aac8530c5baa0e53d81afca05d2
  PotentCBOR: 21cadc9942b1dea8ab63a1c980d792b4a45373a9
  PotentCodables: 62d3a0482ba0e6a8422cb25e86abb3ac86b9b7e8
  PotentJSON: d2ec2755a6ac2101e393e97a0ea7304f6355ed1f
  PromiseKit: 28fda91c973cc377875d8c0ea4f973013c05b6db
  QKMRZParser: 07921dbffa7e4064406113731bc0f1f5e6210bce
  RCTRequired: 0873f5bdb1762d2b9b1ae16a01c4f91d6ee3b6dd
  RCTTypeSafety: a605e0cc0e4220f6e65896bd9e675073c2978f35
  React: 8abf6bdd2b05538e9445f7bbda800df744068bfe
  React-Core: d6daa0d60a4180915e889a5e81f28522cb30359a
  React-CoreModules: 9d5343b095a52e830954a1dd7ae1cb9321ceeddc
  React-cxxreact: c108ca236585b9c802f1eeab11fed1a023faac3a
  React-jsi: bc8166d6833cdcb0848c80710b26ce63fad2c099
  React-jsiexecutor: 8bf0b2707f05865113415088c398a7f98c0cf546
  React-jsinspector: 8e5913c4c6c54f0d3f9c9fc630c465a89cded65d
  react-native-svipe-auth: 3abeac570e6a6d3e44da9ac9e4a94b41047d321a
  React-RCTActionSheet: 674afbc8b9c76e0a83520e0a51da29a70802c03f
  React-RCTAnimation: f5f24330d09ee677fb49e0782f8321868f4df431
  React-RCTBlob: b773ce6138ab0d172ebd8a455fd4efd200a92549
  React-RCTImage: 8dbaa77916f9d21ff8faa0f3f5f06d4069c28e93
  React-RCTLinking: 312a2b3511e2829e68c300c2cdcae4282fefc7ef
  React-RCTNetwork: 4b87acf29c38b8819bea67dad3edeca7b9a20718
  React-RCTSettings: be798c8b33392a90d9d551644610ffa349a89255
  React-RCTText: 91a0d0ae5434aa28fe0c89c03eb9d660ff53bd9b
  React-RCTVibration: 0630aeb11e22f87c180ca9c0c3a0a0aba780cc62
  ReactCommon: d22162ab8f1358c53dfcd0f9c4d82d38facdbc48
  Realm: 76066d333de26f97e9caedaa85ee3ff4a62ca265
  RealmSwift: c1bdff09b422569dc6881410d9ccf712bcdb79b0
  Shield: dca5255c7af479da19cd4f6fa68d0fa5d40d52bd
  ShieldCrypto: 1ce20b0512a953c41eb59d9443c5f790ead06a1b
  ShieldOID: db707df6516781eec31b5a92be1987a4fcb507c6
  ShieldPKCS: bea3d3c0a000e1fba866b397ed151979cb2e5dec
  ShieldSecurity: 2c5f83342b2fe23c4c02342d6aeb006bf98986ae
  ShieldX500: 5ea0db77f5bb76e6619aad394c11ea5cd3b3cc34
  ShieldX509: 902025764ae1e4a0ae406c3654b881e9216e6dd5
  STRegex: d49e88d0fe58538d3175fdd989bc1243b9be2a07
  SvipeKit: 22410fdfde34a8d5ff6bb025b50d8cc9d435fe38
  SwiftCBOR: c7d740966575e0fd5d971466de2b6776db3f10c3
  SwiftQRScanner: e09dc7b549d0d7301cdca505d483665af8cda58e
  SwiftyBeaver: a1f5691458561414bcfab51874b2b7445451602b
  SwiftyTesseract: a05d2c6771872f203a9ba65055cb2a8b6a385552
  Yoga: 9db9ff2025ad21d1ac0a8b3c85d5ac4e7c29d525
  YogaKit: f782866e155069a2cca2517aafea43200b01fd5a

PODFILE CHECKSUM: f61ff418ad3d9d4d4d6dfb1625a537f3ffd8d98e

COCOAPODS: 1.9.1
